
Microsoft Visual Studio Solution File, Format Version 12.00
# Visual Studio Version 16
VisualStudioVersion = 16.0.30717.126
MinimumVisualStudioVersion = 10.0.40219.1
Project("{FAE04EC0-301F-11D3-BF4B-00C04F79EFBC}") = "TvMaze", "TvMaze\TvMaze.csproj", "{DF3A0EEC-B8EC-4FDF-8784-57855534DF6D}"
EndProject
Global
	GlobalSection(SolutionConfigurationPlatforms) = preSolution
		Debug|Any CPU = Debug|Any CPU
		Release|Any CPU = Release|Any CPU
	EndGlobalSection
	GlobalSection(ProjectConfigurationPlatforms) = postSolution
		{DF3A0EEC-B8EC-4FDF-8784-57855534DF6D}.Debug|Any CPU.ActiveCfg = Debug|Any CPU
		{DF3A0EEC-B8EC-4FDF-8784-57855534DF6D}.Debug|Any CPU.Build.0 = Debug|Any CPU
		{DF3A0EEC-B8EC-4FDF-8784-57855534DF6D}.Release|Any CPU.ActiveCfg = Release|Any CPU
		{DF3A0EEC-B8EC-4FDF-8784-57855534DF6D}.Release|Any CPU.Build.0 = Release|Any CPU
	EndGlobalSection
	GlobalSection(SolutionProperties) = preSolution
		HideSolutionNode = FALSE
	EndGlobalSection
	GlobalSection(ExtensibilityGlobals) = postSolution
		SolutionGuid = {C01A94B6-2828-4B46-BF85-605B7A4F4E7E}
	EndGlobalSection
EndGlobal
